// !$*UTF8*$!
{
	archiveVersion = 1;
	classes = {
	};
	objectVersion = 56;
	objects = {

/* Begin PBXBuildFile section */
		F4224C1C295DAA080022DBD5 /* ImagesDecodable.swift in Sources */ = {isa = PBXBuildFile; fileRef = F4224C1B295DAA080022DBD5 /* ImagesDecodable.swift */; };
		F4224C20295DF60D0022DBD5 /* ImageAndTextView.swift in Sources */ = {isa = PBXBuildFile; fileRef = F4224C1F295DF60D0022DBD5 /* ImageAndTextView.swift */; };
		F4224C26295DFA990022DBD5 /* LoadingView.swift in Sources */ = {isa = PBXBuildFile; fileRef = F4224C25295DFA990022DBD5 /* LoadingView.swift */; };
		F4224C28295E0C170022DBD5 /* BreedsImagesProvider.swift in Sources */ = {isa = PBXBuildFile; fileRef = F4224C27295E0C170022DBD5 /* BreedsImagesProvider.swift */; };
		F4224C2A295E0C900022DBD5 /* Breed.swift in Sources */ = {isa = PBXBuildFile; fileRef = F4224C29295E0C900022DBD5 /* Breed.swift */; };
		F4224C2C295E160E0022DBD5 /* BreedsImagesProviderMock.swift in Sources */ = {isa = PBXBuildFile; fileRef = F4224C2B295E160E0022DBD5 /* BreedsImagesProviderMock.swift */; };
		F4224C68295E28DF0022DBD5 /* BreedsImagesModel.swift in Sources */ = {isa = PBXBuildFile; fileRef = F4224C67295E28DF0022DBD5 /* BreedsImagesModel.swift */; };
		F4224C6B295F3F610022DBD5 /* BreedDetailHeader.swift in Sources */ = {isa = PBXBuildFile; fileRef = F4224C6A295F3F610022DBD5 /* BreedDetailHeader.swift */; };
		F4224C6D295F41740022DBD5 /* BreedDetailItem.swift in Sources */ = {isa = PBXBuildFile; fileRef = F4224C6C295F41740022DBD5 /* BreedDetailItem.swift */; };
		F4224C72295F5BFD0022DBD5 /* BreedsSearchView.swift in Sources */ = {isa = PBXBuildFile; fileRef = F4224C71295F5BFD0022DBD5 /* BreedsSearchView.swift */; };
		F4224C74295F5D060022DBD5 /* BreedsSearchModel.swift in Sources */ = {isa = PBXBuildFile; fileRef = F4224C73295F5D060022DBD5 /* BreedsSearchModel.swift */; };
		F4224C76295F5F380022DBD5 /* BreedsSearchProvider.swift in Sources */ = {isa = PBXBuildFile; fileRef = F4224C75295F5F380022DBD5 /* BreedsSearchProvider.swift */; };
		F4224C78295F61970022DBD5 /* BreedsSearchDecodable.swift in Sources */ = {isa = PBXBuildFile; fileRef = F4224C77295F61970022DBD5 /* BreedsSearchDecodable.swift */; };
		F4224C7A295F63ED0022DBD5 /* BreedsSearchProviderMock.swift in Sources */ = {isa = PBXBuildFile; fileRef = F4224C79295F63ED0022DBD5 /* BreedsSearchProviderMock.swift */; };
		F4224C82295F708C0022DBD5 /* BreedsSearchItem.swift in Sources */ = {isa = PBXBuildFile; fileRef = F4224C81295F708C0022DBD5 /* BreedsSearchItem.swift */; };
		F4224C862960AB270022DBD5 /* URLResponse+Extension.swift in Sources */ = {isa = PBXBuildFile; fileRef = F4224C852960AB270022DBD5 /* URLResponse+Extension.swift */; };
		F457D06D295CA4CC00A3ECFE /* BreedsImagesList.swift in Sources */ = {isa = PBXBuildFile; fileRef = F457D06C295CA4CC00A3ECFE /* BreedsImagesList.swift */; };
		F457D06F295CA50F00A3ECFE /* BreedDetail.swift in Sources */ = {isa = PBXBuildFile; fileRef = F457D06E295CA50F00A3ECFE /* BreedDetail.swift */; };
		F457D071295CC2ED00A3ECFE /* BreedsGrid.swift in Sources */ = {isa = PBXBuildFile; fileRef = F457D070295CC2ED00A3ECFE /* BreedsGrid.swift */; };
		F48E5C53295C643200D9A20E /* BreedsExplorerApp.swift in Sources */ = {isa = PBXBuildFile; fileRef = F48E5C52295C643200D9A20E /* BreedsExplorerApp.swift */; };
		F48E5C57295C643200D9A20E /* Assets.xcassets in Resources */ = {isa = PBXBuildFile; fileRef = F48E5C56295C643200D9A20E /* Assets.xcassets */; };
		F48E5C5B295C643200D9A20E /* Preview Assets.xcassets in Resources */ = {isa = PBXBuildFile; fileRef = F48E5C5A295C643200D9A20E /* Preview Assets.xcassets */; };
		F48E5C62295C64AC00D9A20E /* String+Extension.swift in Sources */ = {isa = PBXBuildFile; fileRef = F48E5C61295C64AC00D9A20E /* String+Extension.swift */; };
		F48E5C64295C65E000D9A20E /* MainView.swift in Sources */ = {isa = PBXBuildFile; fileRef = F48E5C63295C65E000D9A20E /* MainView.swift */; };
		F48E5C66295C686D00D9A20E /* BreedsImagesView.swift in Sources */ = {isa = PBXBuildFile; fileRef = F48E5C65295C686D00D9A20E /* BreedsImagesView.swift */; };
/* End PBXBuildFile section */

/* Begin PBXFileReference section */
		F4224C1B295DAA080022DBD5 /* ImagesDecodable.swift */ = {isa = PBXFileReference; lastKnownFileType = sourcecode.swift; path = ImagesDecodable.swift; sourceTree = "<group>"; };
		F4224C1F295DF60D0022DBD5 /* ImageAndTextView.swift */ = {isa = PBXFileReference; lastKnownFileType = sourcecode.swift; path = ImageAndTextView.swift; sourceTree = "<group>"; };
		F4224C25295DFA990022DBD5 /* LoadingView.swift */ = {isa = PBXFileReference; lastKnownFileType = sourcecode.swift; path = LoadingView.swift; sourceTree = "<group>"; };
		F4224C27295E0C170022DBD5 /* BreedsImagesProvider.swift */ = {isa = PBXFileReference; lastKnownFileType = sourcecode.swift; path = BreedsImagesProvider.swift; sourceTree = "<group>"; };
		F4224C29295E0C900022DBD5 /* Breed.swift */ = {isa = PBXFileReference; lastKnownFileType = sourcecode.swift; path = Breed.swift; sourceTree = "<group>"; };
		F4224C2B295E160E0022DBD5 /* BreedsImagesProviderMock.swift */ = {isa = PBXFileReference; lastKnownFileType = sourcecode.swift; path = BreedsImagesProviderMock.swift; sourceTree = "<group>"; };
		F4224C62295E1D920022DBD5 /* Info.plist */ = {isa = PBXFileReference; lastKnownFileType = text.plist; path = Info.plist; sourceTree = "<group>"; };
		F4224C67295E28DF0022DBD5 /* BreedsImagesModel.swift */ = {isa = PBXFileReference; lastKnownFileType = sourcecode.swift; path = BreedsImagesModel.swift; sourceTree = "<group>"; };
		F4224C6A295F3F610022DBD5 /* BreedDetailHeader.swift */ = {isa = PBXFileReference; lastKnownFileType = sourcecode.swift; path = BreedDetailHeader.swift; sourceTree = "<group>"; };
		F4224C6C295F41740022DBD5 /* BreedDetailItem.swift */ = {isa = PBXFileReference; lastKnownFileType = sourcecode.swift; path = BreedDetailItem.swift; sourceTree = "<group>"; };
		F4224C71295F5BFD0022DBD5 /* BreedsSearchView.swift */ = {isa = PBXFileReference; lastKnownFileType = sourcecode.swift; path = BreedsSearchView.swift; sourceTree = "<group>"; };
		F4224C73295F5D060022DBD5 /* BreedsSearchModel.swift */ = {isa = PBXFileReference; lastKnownFileType = sourcecode.swift; path = BreedsSearchModel.swift; sourceTree = "<group>"; };
		F4224C75295F5F380022DBD5 /* BreedsSearchProvider.swift */ = {isa = PBXFileReference; lastKnownFileType = sourcecode.swift; path = BreedsSearchProvider.swift; sourceTree = "<group>"; };
		F4224C77295F61970022DBD5 /* BreedsSearchDecodable.swift */ = {isa = PBXFileReference; lastKnownFileType = sourcecode.swift; path = BreedsSearchDecodable.swift; sourceTree = "<group>"; };
		F4224C79295F63ED0022DBD5 /* BreedsSearchProviderMock.swift */ = {isa = PBXFileReference; lastKnownFileType = sourcecode.swift; path = BreedsSearchProviderMock.swift; sourceTree = "<group>"; };
		F4224C81295F708C0022DBD5 /* BreedsSearchItem.swift */ = {isa = PBXFileReference; lastKnownFileType = sourcecode.swift; path = BreedsSearchItem.swift; sourceTree = "<group>"; };
		F4224C852960AB270022DBD5 /* URLResponse+Extension.swift */ = {isa = PBXFileReference; lastKnownFileType = sourcecode.swift; path = "URLResponse+Extension.swift"; sourceTree = "<group>"; };
		F457D06C295CA4CC00A3ECFE /* BreedsImagesList.swift */ = {isa = PBXFileReference; lastKnownFileType = sourcecode.swift; path = BreedsImagesList.swift; sourceTree = "<group>"; };
		F457D06E295CA50F00A3ECFE /* BreedDetail.swift */ = {isa = PBXFileReference; lastKnownFileType = sourcecode.swift; path = BreedDetail.swift; sourceTree = "<group>"; };
		F457D070295CC2ED00A3ECFE /* BreedsGrid.swift */ = {isa = PBXFileReference; lastKnownFileType = sourcecode.swift; path = BreedsGrid.swift; sourceTree = "<group>"; };
		F48E5C4F295C643200D9A20E /* BreedsExplorer.app */ = {isa = PBXFileReference; explicitFileType = wrapper.application; includeInIndex = 0; path = BreedsExplorer.app; sourceTree = BUILT_PRODUCTS_DIR; };
		F48E5C52295C643200D9A20E /* BreedsExplorerApp.swift */ = {isa = PBXFileReference; lastKnownFileType = sourcecode.swift; path = BreedsExplorerApp.swift; sourceTree = "<group>"; };
		F48E5C56295C643200D9A20E /* Assets.xcassets */ = {isa = PBXFileReference; lastKnownFileType = folder.assetcatalog; path = Assets.xcassets; sourceTree = "<group>"; };
		F48E5C58295C643200D9A20E /* BreedsExplorer.entitlements */ = {isa = PBXFileReference; lastKnownFileType = text.plist.entitlements; path = BreedsExplorer.entitlements; sourceTree = "<group>"; };
		F48E5C5A295C643200D9A20E /* Preview Assets.xcassets */ = {isa = PBXFileReference; lastKnownFileType = folder.assetcatalog; path = "Preview Assets.xcassets"; sourceTree = "<group>"; };
		F48E5C61295C64AC00D9A20E /* String+Extension.swift */ = {isa = PBXFileReference; lastKnownFileType = sourcecode.swift; path = "String+Extension.swift"; sourceTree = "<group>"; };
		F48E5C63295C65E000D9A20E /* MainView.swift */ = {isa = PBXFileReference; lastKnownFileType = sourcecode.swift; path = MainView.swift; sourceTree = "<group>"; };
		F48E5C65295C686D00D9A20E /* BreedsImagesView.swift */ = {isa = PBXFileReference; lastKnownFileType = sourcecode.swift; path = BreedsImagesView.swift; sourceTree = "<group>"; };
/* End PBXFileReference section */

/* Begin PBXFrameworksBuildPhase section */
		F48E5C4C295C643200D9A20E /* Frameworks */ = {
			isa = PBXFrameworksBuildPhase;
			buildActionMask = 2147483647;
			files = (
			);
			runOnlyForDeploymentPostprocessing = 0;
		};
/* End PBXFrameworksBuildPhase section */

/* Begin PBXGroup section */
		F4224C21295DF6B40022DBD5 /* BreedImages */ = {
			isa = PBXGroup;
			children = (
				F4224C66295E28D10022DBD5 /* Model */,
				F4224C64295E27EC0022DBD5 /* Decodables */,
				F4224C63295E27BE0022DBD5 /* Provider */,
				F4224C65295E280A0022DBD5 /* Views */,
			);
			path = BreedImages;
			sourceTree = "<group>";
		};
		F4224C22295DF7190022DBD5 /* Common */ = {
			isa = PBXGroup;
			children = (
				F48E5C61295C64AC00D9A20E /* String+Extension.swift */,
				F4224C852960AB270022DBD5 /* URLResponse+Extension.swift */,
			);
			path = Common;
			sourceTree = "<group>";
		};
		F4224C23295DF72E0022DBD5 /* App */ = {
			isa = PBXGroup;
			children = (
				F48E5C52295C643200D9A20E /* BreedsExplorerApp.swift */,
				F48E5C63295C65E000D9A20E /* MainView.swift */,
			);
			path = App;
			sourceTree = "<group>";
		};
		F4224C63295E27BE0022DBD5 /* Provider */ = {
			isa = PBXGroup;
			children = (
				F4224C27295E0C170022DBD5 /* BreedsImagesProvider.swift */,
				F4224C2B295E160E0022DBD5 /* BreedsImagesProviderMock.swift */,
			);
			path = Provider;
			sourceTree = "<group>";
		};
		F4224C64295E27EC0022DBD5 /* Decodables */ = {
			isa = PBXGroup;
			children = (
				F4224C1B295DAA080022DBD5 /* ImagesDecodable.swift */,
			);
			path = Decodables;
			sourceTree = "<group>";
		};
		F4224C65295E280A0022DBD5 /* Views */ = {
			isa = PBXGroup;
			children = (
				F48E5C65295C686D00D9A20E /* BreedsImagesView.swift */,
				F457D06C295CA4CC00A3ECFE /* BreedsImagesList.swift */,
				F457D070295CC2ED00A3ECFE /* BreedsGrid.swift */,
				F4224C1F295DF60D0022DBD5 /* ImageAndTextView.swift */,
				F4224C25295DFA990022DBD5 /* LoadingView.swift */,
			);
			path = Views;
			sourceTree = "<group>";
		};
		F4224C66295E28D10022DBD5 /* Model */ = {
			isa = PBXGroup;
			children = (
				F4224C67295E28DF0022DBD5 /* BreedsImagesModel.swift */,
				F4224C29295E0C900022DBD5 /* Breed.swift */,
			);
			path = Model;
			sourceTree = "<group>";
		};
		F4224C69295F3F440022DBD5 /* BreedDetail */ = {
			isa = PBXGroup;
			children = (
				F457D06E295CA50F00A3ECFE /* BreedDetail.swift */,
				F4224C6A295F3F610022DBD5 /* BreedDetailHeader.swift */,
				F4224C6C295F41740022DBD5 /* BreedDetailItem.swift */,
			);
			path = BreedDetail;
			sourceTree = "<group>";
		};
		F4224C6E295F4EAF0022DBD5 /* Search */ = {
			isa = PBXGroup;
			children = (
				F4224C7E295F643D0022DBD5 /* View */,
				F4224C7D295F64310022DBD5 /* Model */,
				F4224C7C295F641C0022DBD5 /* Decodable */,
				F4224C7B295F63F80022DBD5 /* Provider */,
			);
			path = Search;
			sourceTree = "<group>";
		};
		F4224C7B295F63F80022DBD5 /* Provider */ = {
			isa = PBXGroup;
			children = (
				F4224C75295F5F380022DBD5 /* BreedsSearchProvider.swift */,
				F4224C79295F63ED0022DBD5 /* BreedsSearchProviderMock.swift */,
			);
			path = Provider;
			sourceTree = "<group>";
		};
		F4224C7C295F641C0022DBD5 /* Decodable */ = {
			isa = PBXGroup;
			children = (
				F4224C77295F61970022DBD5 /* BreedsSearchDecodable.swift */,
			);
			path = Decodable;
			sourceTree = "<group>";
		};
		F4224C7D295F64310022DBD5 /* Model */ = {
			isa = PBXGroup;
			children = (
				F4224C73295F5D060022DBD5 /* BreedsSearchModel.swift */,
			);
			path = Model;
			sourceTree = "<group>";
		};
		F4224C7E295F643D0022DBD5 /* View */ = {
			isa = PBXGroup;
			children = (
				F4224C71295F5BFD0022DBD5 /* BreedsSearchView.swift */,
				F4224C81295F708C0022DBD5 /* BreedsSearchItem.swift */,
			);
			path = View;
			sourceTree = "<group>";
		};
		F48E5C46295C643200D9A20E = {
			isa = PBXGroup;
			children = (
				F48E5C51295C643200D9A20E /* BreedsExplorer */,
				F48E5C50295C643200D9A20E /* Products */,
			);
			sourceTree = "<group>";
		};
		F48E5C50295C643200D9A20E /* Products */ = {
			isa = PBXGroup;
			children = (
				F48E5C4F295C643200D9A20E /* BreedsExplorer.app */,
			);
			name = Products;
			sourceTree = "<group>";
		};
		F48E5C51295C643200D9A20E /* BreedsExplorer */ = {
			isa = PBXGroup;
			children = (
				F4224C62295E1D920022DBD5 /* Info.plist */,
				F4224C23295DF72E0022DBD5 /* App */,
				F4224C22295DF7190022DBD5 /* Common */,
				F4224C21295DF6B40022DBD5 /* BreedImages */,
				F4224C69295F3F440022DBD5 /* BreedDetail */,
				F4224C6E295F4EAF0022DBD5 /* Search */,
				F48E5C56295C643200D9A20E /* Assets.xcassets */,
				F48E5C58295C643200D9A20E /* BreedsExplorer.entitlements */,
				F48E5C59295C643200D9A20E /* Preview Content */,
			);
			path = BreedsExplorer;
			sourceTree = "<group>";
		};
		F48E5C59295C643200D9A20E /* Preview Content */ = {
			isa = PBXGroup;
			children = (
				F48E5C5A295C643200D9A20E /* Preview Assets.xcassets */,
			);
			path = "Preview Content";
			sourceTree = "<group>";
		};
/* End PBXGroup section */

/* Begin PBXNativeTarget section */
		F48E5C4E295C643200D9A20E /* BreedsExplorer */ = {
			isa = PBXNativeTarget;
			buildConfigurationList = F48E5C5E295C643200D9A20E /* Build configuration list for PBXNativeTarget "BreedsExplorer" */;
			buildPhases = (
				F48E5C4B295C643200D9A20E /* Sources */,
				F48E5C4C295C643200D9A20E /* Frameworks */,
				F48E5C4D295C643200D9A20E /* Resources */,
				F4224C1A295CF2B20022DBD5 /* SwiftLint */,
			);
			buildRules = (
			);
			dependencies = (
			);
			name = BreedsExplorer;
			productName = BreedsExplorer;
			productReference = F48E5C4F295C643200D9A20E /* BreedsExplorer.app */;
			productType = "com.apple.product-type.application";
		};
/* End PBXNativeTarget section */

/* Begin PBXProject section */
		F48E5C47295C643200D9A20E /* Project object */ = {
			isa = PBXProject;
			attributes = {
				BuildIndependentTargetsInParallel = 1;
				LastSwiftUpdateCheck = 1420;
				LastUpgradeCheck = 1420;
				TargetAttributes = {
					F48E5C4E295C643200D9A20E = {
						CreatedOnToolsVersion = 14.2;
					};
				};
			};
			buildConfigurationList = F48E5C4A295C643200D9A20E /* Build configuration list for PBXProject "BreedsExplorer" */;
			compatibilityVersion = "Xcode 14.0";
			developmentRegion = en;
			hasScannedForEncodings = 0;
			knownRegions = (
				en,
				Base,
			);
			mainGroup = F48E5C46295C643200D9A20E;
			productRefGroup = F48E5C50295C643200D9A20E /* Products */;
			projectDirPath = "";
			projectRoot = "";
			targets = (
				F48E5C4E295C643200D9A20E /* BreedsExplorer */,
			);
		};
/* End PBXProject section */

/* Begin PBXResourcesBuildPhase section */
		F48E5C4D295C643200D9A20E /* Resources */ = {
			isa = PBXResourcesBuildPhase;
			buildActionMask = 2147483647;
			files = (
				F48E5C5B295C643200D9A20E /* Preview Assets.xcassets in Resources */,
				F48E5C57295C643200D9A20E /* Assets.xcassets in Resources */,
			);
			runOnlyForDeploymentPostprocessing = 0;
		};
/* End PBXResourcesBuildPhase section */

/* Begin PBXShellScriptBuildPhase section */
		F4224C1A295CF2B20022DBD5 /* SwiftLint */ = {
			isa = PBXShellScriptBuildPhase;
			alwaysOutOfDate = 1;
			buildActionMask = 2147483647;
			files = (
			);
			inputFileListPaths = (
			);
			inputPaths = (
			);
			name = SwiftLint;
			outputFileListPaths = (
			);
			outputPaths = (
			);
			runOnlyForDeploymentPostprocessing = 0;
			shellPath = /bin/sh;
			shellScript = "export PATH=\"$PATH:/opt/homebrew/bin\"\nif which swiftlint > /dev/null; then\n  swiftlint\nelse\n  echo \"warning: SwiftLint not installed, download from https://github.com/realm/SwiftLint\"\nfi\n";
		};
/* End PBXShellScriptBuildPhase section */

/* Begin PBXSourcesBuildPhase section */
		F48E5C4B295C643200D9A20E /* Sources */ = {
			isa = PBXSourcesBuildPhase;
			buildActionMask = 2147483647;
			files = (
				F4224C6B295F3F610022DBD5 /* BreedDetailHeader.swift in Sources */,
				F4224C82295F708C0022DBD5 /* BreedsSearchItem.swift in Sources */,
				F457D06F295CA50F00A3ECFE /* BreedDetail.swift in Sources */,
				F4224C6D295F41740022DBD5 /* BreedDetailItem.swift in Sources */,
				F48E5C66295C686D00D9A20E /* BreedsImagesView.swift in Sources */,
				F4224C862960AB270022DBD5 /* URLResponse+Extension.swift in Sources */,
				F48E5C64295C65E000D9A20E /* MainView.swift in Sources */,
				F4224C26295DFA990022DBD5 /* LoadingView.swift in Sources */,
				F4224C20295DF60D0022DBD5 /* ImageAndTextView.swift in Sources */,
				F4224C28295E0C170022DBD5 /* BreedsImagesProvider.swift in Sources */,
				F4224C78295F61970022DBD5 /* BreedsSearchDecodable.swift in Sources */,
				F457D06D295CA4CC00A3ECFE /* BreedsImagesList.swift in Sources */,
				F4224C2A295E0C900022DBD5 /* Breed.swift in Sources */,
				F4224C72295F5BFD0022DBD5 /* BreedsSearchView.swift in Sources */,
				F48E5C62295C64AC00D9A20E /* String+Extension.swift in Sources */,
				F457D071295CC2ED00A3ECFE /* BreedsGrid.swift in Sources */,
				F4224C68295E28DF0022DBD5 /* BreedsImagesModel.swift in Sources */,
				F4224C74295F5D060022DBD5 /* BreedsSearchModel.swift in Sources */,
				F4224C1C295DAA080022DBD5 /* ImagesDecodable.swift in Sources */,
				F48E5C53295C643200D9A20E /* BreedsExplorerApp.swift in Sources */,
				F4224C7A295F63ED0022DBD5 /* BreedsSearchProviderMock.swift in Sources */,
				F4224C2C295E160E0022DBD5 /* BreedsImagesProviderMock.swift in Sources */,
				F4224C76295F5F380022DBD5 /* BreedsSearchProvider.swift in Sources */,
			);
			runOnlyForDeploymentPostprocessing = 0;
		};
/* End PBXSourcesBuildPhase section */

/* Begin XCBuildConfiguration section */
		F48E5C5C295C643200D9A20E /* Debug */ = {
			isa = XCBuildConfiguration;
			buildSettings = {
				ALWAYS_SEARCH_USER_PATHS = NO;
				CLANG_ANALYZER_NONNULL = YES;
				CLANG_ANALYZER_NUMBER_OBJECT_CONVERSION = YES_AGGRESSIVE;
				CLANG_CXX_LANGUAGE_STANDARD = "gnu++20";
				CLANG_ENABLE_MODULES = YES;
				CLANG_ENABLE_OBJC_ARC = YES;
				CLANG_ENABLE_OBJC_WEAK = YES;
				CLANG_WARN_BLOCK_CAPTURE_AUTORELEASING = YES;
				CLANG_WARN_BOOL_CONVERSION = YES;
				CLANG_WARN_COMMA = YES;
				CLANG_WARN_CONSTANT_CONVERSION = YES;
				CLANG_WARN_DEPRECATED_OBJC_IMPLEMENTATIONS = YES;
				CLANG_WARN_DIRECT_OBJC_ISA_USAGE = YES_ERROR;
				CLANG_WARN_DOCUMENTATION_COMMENTS = YES;
				CLANG_WARN_EMPTY_BODY = YES;
				CLANG_WARN_ENUM_CONVERSION = YES;
				CLANG_WARN_INFINITE_RECURSION = YES;
				CLANG_WARN_INT_CONVERSION = YES;
				CLANG_WARN_NON_LITERAL_NULL_CONVERSION = YES;
				CLANG_WARN_OBJC_IMPLICIT_RETAIN_SELF = YES;
				CLANG_WARN_OBJC_LITERAL_CONVERSION = YES;
				CLANG_WARN_OBJC_ROOT_CLASS = YES_ERROR;
				CLANG_WARN_QUOTED_INCLUDE_IN_FRAMEWORK_HEADER = YES;
				CLANG_WARN_RANGE_LOOP_ANALYSIS = YES;
				CLANG_WARN_STRICT_PROTOTYPES = YES;
				CLANG_WARN_SUSPICIOUS_MOVE = YES;
				CLANG_WARN_UNGUARDED_AVAILABILITY = YES_AGGRESSIVE;
				CLANG_WARN_UNREACHABLE_CODE = YES;
				CLANG_WARN__DUPLICATE_METHOD_MATCH = YES;
				COPY_PHASE_STRIP = NO;
				DEBUG_INFORMATION_FORMAT = dwarf;
				ENABLE_STRICT_OBJC_MSGSEND = YES;
				ENABLE_TESTABILITY = YES;
				GCC_C_LANGUAGE_STANDARD = gnu11;
				GCC_DYNAMIC_NO_PIC = NO;
				GCC_NO_COMMON_BLOCKS = YES;
				GCC_OPTIMIZATION_LEVEL = 0;
				GCC_PREPROCESSOR_DEFINITIONS = (
					"DEBUG=1",
					"$(inherited)",
				);
				GCC_WARN_64_TO_32_BIT_CONVERSION = YES;
				GCC_WARN_ABOUT_RETURN_TYPE = YES_ERROR;
				GCC_WARN_UNDECLARED_SELECTOR = YES;
				GCC_WARN_UNINITIALIZED_AUTOS = YES_AGGRESSIVE;
				GCC_WARN_UNUSED_FUNCTION = YES;
				GCC_WARN_UNUSED_VARIABLE = YES;
				MTL_ENABLE_DEBUG_INFO = INCLUDE_SOURCE;
				MTL_FAST_MATH = YES;
				ONLY_ACTIVE_ARCH = YES;
				SWIFT_ACTIVE_COMPILATION_CONDITIONS = DEBUG;
				SWIFT_OPTIMIZATION_LEVEL = "-Onone";
			};
			name = Debug;
		};
		F48E5C5D295C643200D9A20E /* Release */ = {
			isa = XCBuildConfiguration;
			buildSettings = {
				ALWAYS_SEARCH_USER_PATHS = NO;
				CLANG_ANALYZER_NONNULL = YES;
				CLANG_ANALYZER_NUMBER_OBJECT_CONVERSION = YES_AGGRESSIVE;
				CLANG_CXX_LANGUAGE_STANDARD = "gnu++20";
				CLANG_ENABLE_MODULES = YES;
				CLANG_ENABLE_OBJC_ARC = YES;
				CLANG_ENABLE_OBJC_WEAK = YES;
				CLANG_WARN_BLOCK_CAPTURE_AUTORELEASING = YES;
				CLANG_WARN_BOOL_CONVERSION = YES;
				CLANG_WARN_COMMA = YES;
				CLANG_WARN_CONSTANT_CONVERSION = YES;
				CLANG_WARN_DEPRECATED_OBJC_IMPLEMENTATIONS = YES;
				CLANG_WARN_DIRECT_OBJC_ISA_USAGE = YES_ERROR;
				CLANG_WARN_DOCUMENTATION_COMMENTS = YES;
				CLANG_WARN_EMPTY_BODY = YES;
				CLANG_WARN_ENUM_CONVERSION = YES;
				CLANG_WARN_INFINITE_RECURSION = YES;
				CLANG_WARN_INT_CONVERSION = YES;
				CLANG_WARN_NON_LITERAL_NULL_CONVERSION = YES;
				CLANG_WARN_OBJC_IMPLICIT_RETAIN_SELF = YES;
				CLANG_WARN_OBJC_LITERAL_CONVERSION = YES;
				CLANG_WARN_OBJC_ROOT_CLASS = YES_ERROR;
				CLANG_WARN_QUOTED_INCLUDE_IN_FRAMEWORK_HEADER = YES;
				CLANG_WARN_RANGE_LOOP_ANALYSIS = YES;
				CLANG_WARN_STRICT_PROTOTYPES = YES;
				CLANG_WARN_SUSPICIOUS_MOVE = YES;
				CLANG_WARN_UNGUARDED_AVAILABILITY = YES_AGGRESSIVE;
				CLANG_WARN_UNREACHABLE_CODE = YES;
				CLANG_WARN__DUPLICATE_METHOD_MATCH = YES;
				COPY_PHASE_STRIP = NO;
				DEBUG_INFORMATION_FORMAT = "dwarf-with-dsym";
				ENABLE_NS_ASSERTIONS = NO;
				ENABLE_STRICT_OBJC_MSGSEND = YES;
				GCC_C_LANGUAGE_STANDARD = gnu11;
				GCC_NO_COMMON_BLOCKS = YES;
				GCC_WARN_64_TO_32_BIT_CONVERSION = YES;
				GCC_WARN_ABOUT_RETURN_TYPE = YES_ERROR;
				GCC_WARN_UNDECLARED_SELECTOR = YES;
				GCC_WARN_UNINITIALIZED_AUTOS = YES_AGGRESSIVE;
				GCC_WARN_UNUSED_FUNCTION = YES;
				GCC_WARN_UNUSED_VARIABLE = YES;
				MTL_ENABLE_DEBUG_INFO = NO;
				MTL_FAST_MATH = YES;
				SWIFT_COMPILATION_MODE = wholemodule;
				SWIFT_OPTIMIZATION_LEVEL = "-O";
			};
			name = Release;
		};
		F48E5C5F295C643200D9A20E /* Debug */ = {
			isa = XCBuildConfiguration;
			buildSettings = {
				ASSETCATALOG_COMPILER_APPICON_NAME = AppIcon;
				ASSETCATALOG_COMPILER_GLOBAL_ACCENT_COLOR_NAME = AccentColor;
				CODE_SIGN_ENTITLEMENTS = BreedsExplorer/BreedsExplorer.entitlements;
				CODE_SIGN_STYLE = Automatic;
				CURRENT_PROJECT_VERSION = 1;
				DEVELOPMENT_ASSET_PATHS = "\"BreedsExplorer/Preview Content\"";
				ENABLE_PREVIEWS = YES;
				GENERATE_INFOPLIST_FILE = YES;
				INFOPLIST_FILE = BreedsExplorer/Info.plist;
				INFOPLIST_KEY_CFBundleDisplayName = Breeds;
				"INFOPLIST_KEY_UIApplicationSceneManifest_Generation[sdk=iphoneos*]" = YES;
				"INFOPLIST_KEY_UIApplicationSceneManifest_Generation[sdk=iphonesimulator*]" = YES;
				"INFOPLIST_KEY_UIApplicationSupportsIndirectInputEvents[sdk=iphoneos*]" = YES;
				"INFOPLIST_KEY_UIApplicationSupportsIndirectInputEvents[sdk=iphonesimulator*]" = YES;
				"INFOPLIST_KEY_UILaunchScreen_Generation[sdk=iphoneos*]" = YES;
				"INFOPLIST_KEY_UILaunchScreen_Generation[sdk=iphonesimulator*]" = YES;
				"INFOPLIST_KEY_UIStatusBarStyle[sdk=iphoneos*]" = UIStatusBarStyleDefault;
				"INFOPLIST_KEY_UIStatusBarStyle[sdk=iphonesimulator*]" = UIStatusBarStyleDefault;
				INFOPLIST_KEY_UISupportedInterfaceOrientations_iPad = "UIInterfaceOrientationPortrait UIInterfaceOrientationPortraitUpsideDown UIInterfaceOrientationLandscapeLeft UIInterfaceOrientationLandscapeRight";
				INFOPLIST_KEY_UISupportedInterfaceOrientations_iPhone = "UIInterfaceOrientationPortrait UIInterfaceOrientationLandscapeLeft UIInterfaceOrientationLandscapeRight";
				IPHONEOS_DEPLOYMENT_TARGET = 16.2;
				LD_RUNPATH_SEARCH_PATHS = "@executable_path/Frameworks";
				"LD_RUNPATH_SEARCH_PATHS[sdk=macosx*]" = "@executable_path/../Frameworks";
				MACOSX_DEPLOYMENT_TARGET = 13.1;
				MARKETING_VERSION = 1.0;
				PRODUCT_BUNDLE_IDENTIFIER = acportela.BreedsExplorer;
				PRODUCT_NAME = "$(TARGET_NAME)";
				SDKROOT = auto;
				SUPPORTED_PLATFORMS = "iphoneos iphonesimulator";
				SUPPORTS_MACCATALYST = NO;
				SUPPORTS_MAC_DESIGNED_FOR_IPHONE_IPAD = NO;
				SWIFT_EMIT_LOC_STRINGS = YES;
				SWIFT_VERSION = 5.0;
				TARGETED_DEVICE_FAMILY = "1,2";
			};
			name = Debug;
		};
		F48E5C60295C643200D9A20E /* Release */ = {
			isa = XCBuildConfiguration;
			buildSettings = {
				ASSETCATALOG_COMPILER_APPICON_NAME = AppIcon;
				ASSETCATALOG_COMPILER_GLOBAL_ACCENT_COLOR_NAME = AccentColor;
				CODE_SIGN_ENTITLEMENTS = BreedsExplorer/BreedsExplorer.entitlements;
				CODE_SIGN_STYLE = Automatic;
				CURRENT_PROJECT_VERSION = 1;
				DEVELOPMENT_ASSET_PATHS = "\"BreedsExplorer/Preview Content\"";
				ENABLE_PREVIEWS = YES;
				GENERATE_INFOPLIST_FILE = YES;
				INFOPLIST_FILE = BreedsExplorer/Info.plist;
				INFOPLIST_KEY_CFBundleDisplayName = Breeds;
				"INFOPLIST_KEY_UIApplicationSceneManifest_Generation[sdk=iphoneos*]" = YES;
				"INFOPLIST_KEY_UIApplicationSceneManifest_Generation[sdk=iphonesimulator*]" = YES;
				"INFOPLIST_KEY_UIApplicationSupportsIndirectInputEvents[sdk=iphoneos*]" = YES;
				"INFOPLIST_KEY_UIApplicationSupportsIndirectInputEvents[sdk=iphonesimulator*]" = YES;
				"INFOPLIST_KEY_UILaunchScreen_Generation[sdk=iphoneos*]" = YES;
				"INFOPLIST_KEY_UILaunchScreen_Generation[sdk=iphonesimulator*]" = YES;
				"INFOPLIST_KEY_UIStatusBarStyle[sdk=iphoneos*]" = UIStatusBarStyleDefault;
				"INFOPLIST_KEY_UIStatusBarStyle[sdk=iphonesimulator*]" = UIStatusBarStyleDefault;
				INFOPLIST_KEY_UISupportedInterfaceOrientations_iPad = "UIInterfaceOrientationPortrait UIInterfaceOrientationPortraitUpsideDown UIInterfaceOrientationLandscapeLeft UIInterfaceOrientationLandscapeRight";
				INFOPLIST_KEY_UISupportedInterfaceOrientations_iPhone = "UIInterfaceOrientationPortrait UIInterfaceOrientationLandscapeLeft UIInterfaceOrientationLandscapeRight";
				IPHONEOS_DEPLOYMENT_TARGET = 16.2;
				LD_RUNPATH_SEARCH_PATHS = "@executable_path/Frameworks";
				"LD_RUNPATH_SEARCH_PATHS[sdk=macosx*]" = "@executable_path/../Frameworks";
				MACOSX_DEPLOYMENT_TARGET = 13.1;
				MARKETING_VERSION = 1.0;
				PRODUCT_BUNDLE_IDENTIFIER = acportela.BreedsExplorer;
				PRODUCT_NAME = "$(TARGET_NAME)";
				SDKROOT = auto;
				SUPPORTED_PLATFORMS = "iphoneos iphonesimulator";
				SUPPORTS_MACCATALYST = NO;
				SUPPORTS_MAC_DESIGNED_FOR_IPHONE_IPAD = NO;
				SWIFT_EMIT_LOC_STRINGS = YES;
				SWIFT_VERSION = 5.0;
				TARGETED_DEVICE_FAMILY = "1,2";
			};
			name = Release;
		};
/* End XCBuildConfiguration section */

/* Begin XCConfigurationList section */
		F48E5C4A295C643200D9A20E /* Build configuration list for PBXProject "BreedsExplorer" */ = {
			isa = XCConfigurationList;
			buildConfigurations = (
				F48E5C5C295C643200D9A20E /* Debug */,
				F48E5C5D295C643200D9A20E /* Release */,
			);
			defaultConfigurationIsVisible = 0;
			defaultConfigurationName = Release;
		};
		F48E5C5E295C643200D9A20E /* Build configuration list for PBXNativeTarget "BreedsExplorer" */ = {
			isa = XCConfigurationList;
			buildConfigurations = (
				F48E5C5F295C643200D9A20E /* Debug */,
				F48E5C60295C643200D9A20E /* Release */,
			);
			defaultConfigurationIsVisible = 0;
			defaultConfigurationName = Release;
		};
/* End XCConfigurationList section */
	};
	rootObject = F48E5C47295C643200D9A20E /* Project object */;
}
